// !$*UTF8*$!
{
	archiveVersion = 1;
	classes = {
	};
	objectVersion = 46;
	objects = {

/* Begin PBXBuildFile section */
		88E0201E1CF40094001FF1D2 /* main.m in Sources */ = {isa = PBXBuildFile; fileRef = 88E0201D1CF40094001FF1D2 /* main.m */; };
		88E020211CF40094001FF1D2 /* AppDelegate.m in Sources */ = {isa = PBXBuildFile; fileRef = 88E020201CF40094001FF1D2 /* AppDelegate.m */; };
		88E020241CF40094001FF1D2 /* ViewController.m in Sources */ = {isa = PBXBuildFile; fileRef = 88E020231CF40094001FF1D2 /* ViewController.m */; };
		88E020271CF40094001FF1D2 /* Main.storyboard in Resources */ = {isa = PBXBuildFile; fileRef = 88E020251CF40094001FF1D2 /* Main.storyboard */; };
		88E020291CF40094001FF1D2 /* Assets.xcassets in Resources */ = {isa = PBXBuildFile; fileRef = 88E020281CF40094001FF1D2 /* Assets.xcassets */; };
		88E0202C1CF40094001FF1D2 /* LaunchScreen.storyboard in Resources */ = {isa = PBXBuildFile; fileRef = 88E0202A1CF40094001FF1D2 /* LaunchScreen.storyboard */; };
		88E020371CF40094001FF1D2 /* KBLoopBannerViewDemoTests.m in Sources */ = {isa = PBXBuildFile; fileRef = 88E020361CF40094001FF1D2 /* KBLoopBannerViewDemoTests.m */; };
		88E020421CF40094001FF1D2 /* KBLoopBannerViewDemoUITests.m in Sources */ = {isa = PBXBuildFile; fileRef = 88E020411CF40094001FF1D2 /* KBLoopBannerViewDemoUITests.m */; };
/* End PBXBuildFile section */

/* Begin PBXContainerItemProxy section */
		88E020331CF40094001FF1D2 /* PBXContainerItemProxy */ = {
			isa = PBXContainerItemProxy;
			containerPortal = 88E020111CF40094001FF1D2 /* Project object */;
			proxyType = 1;
			remoteGlobalIDString = 88E020181CF40094001FF1D2;
			remoteInfo = KBLoopBannerViewDemo;
		};
		88E0203E1CF40094001FF1D2 /* PBXContainerItemProxy */ = {
			isa = PBXContainerItemProxy;
			containerPortal = 88E020111CF40094001FF1D2 /* Project object */;
			proxyType = 1;
			remoteGlobalIDString = 88E020181CF40094001FF1D2;
			remoteInfo = KBLoopBannerViewDemo;
		};
/* End PBXContainerItemProxy section */

/* Begin PBXFileReference section */
		88E020191CF40094001FF1D2 /* KBLoopBannerViewDemo.app */ = {isa = PBXFileReference; explicitFileType = wrapper.application; includeInIndex = 0; path = KBLoopBannerViewDemo.app; sourceTree = BUILT_PRODUCTS_DIR; };
		88E0201D1CF40094001FF1D2 /* main.m */ = {isa = PBXFileReference; lastKnownFileType = sourcecode.c.objc; path = main.m; sourceTree = "<group>"; };
		88E0201F1CF40094001FF1D2 /* AppDelegate.h */ = {isa = PBXFileReference; lastKnownFileType = sourcecode.c.h; path = AppDelegate.h; sourceTree = "<group>"; };
		88E020201CF40094001FF1D2 /* AppDelegate.m */ = {isa = PBXFileReference; lastKnownFileType = sourcecode.c.objc; path = AppDelegate.m; sourceTree = "<group>"; };
		88E020221CF40094001FF1D2 /* ViewController.h */ = {isa = PBXFileReference; lastKnownFileType = sourcecode.c.h; path = ViewController.h; sourceTree = "<group>"; };
		88E020231CF40094001FF1D2 /* ViewController.m */ = {isa = PBXFileReference; lastKnownFileType = sourcecode.c.objc; path = ViewController.m; sourceTree = "<group>"; };
		88E020261CF40094001FF1D2 /* Base */ = {isa = PBXFileReference; lastKnownFileType = file.storyboard; name = Base; path = Base.lproj/Main.storyboard; sourceTree = "<group>"; };
		88E020281CF40094001FF1D2 /* Assets.xcassets */ = {isa = PBXFileReference; lastKnownFileType = folder.assetcatalog; path = Assets.xcassets; sourceTree = "<group>"; };
		88E0202B1CF40094001FF1D2 /* Base */ = {isa = PBXFileReference; lastKnownFileType = file.storyboard; name = Base; path = Base.lproj/LaunchScreen.storyboard; sourceTree = "<group>"; };
		88E0202D1CF40094001FF1D2 /* Info.plist */ = {isa = PBXFileReference; lastKnownFileType = text.plist.xml; path = Info.plist; sourceTree = "<group>"; };
		88E020321CF40094001FF1D2 /* KBLoopBannerViewDemoTests.xctest */ = {isa = PBXFileReference; explicitFileType = wrapper.cfbundle; includeInIndex = 0; path = KBLoopBannerViewDemoTests.xctest; sourceTree = BUILT_PRODUCTS_DIR; };
		88E020361CF40094001FF1D2 /* KBLoopBannerViewDemoTests.m */ = {isa = PBXFileReference; lastKnownFileType = sourcecode.c.objc; path = KBLoopBannerViewDemoTests.m; sourceTree = "<group>"; };
		88E020381CF40094001FF1D2 /* Info.plist */ = {isa = PBXFileReference; lastKnownFileType = text.plist.xml; path = Info.plist; sourceTree = "<group>"; };
		88E0203D1CF40094001FF1D2 /* KBLoopBannerViewDemoUITests.xctest */ = {isa = PBXFileReference; explicitFileType = wrapper.cfbundle; includeInIndex = 0; path = KBLoopBannerViewDemoUITests.xctest; sourceTree = BUILT_PRODUCTS_DIR; };
		88E020411CF40094001FF1D2 /* KBLoopBannerViewDemoUITests.m */ = {isa = PBXFileReference; lastKnownFileType = sourcecode.c.objc; path = KBLoopBannerViewDemoUITests.m; sourceTree = "<group>"; };
		88E020431CF40094001FF1D2 /* Info.plist */ = {isa = PBXFileReference; lastKnownFileType = text.plist.xml; path = Info.plist; sourceTree = "<group>"; };
/* End PBXFileReference section */

/* Begin PBXFrameworksBuildPhase section */
		88E020161CF40094001FF1D2 /* Frameworks */ = {
			isa = PBXFrameworksBuildPhase;
			buildActionMask = 2147483647;
			files = (
			);
			runOnlyForDeploymentPostprocessing = 0;
		};
		88E0202F1CF40094001FF1D2 /* Frameworks */ = {
			isa = PBXFrameworksBuildPhase;
			buildActionMask = 2147483647;
			files = (
			);
			runOnlyForDeploymentPostprocessing = 0;
		};
		88E0203A1CF40094001FF1D2 /* Frameworks */ = {
			isa = PBXFrameworksBuildPhase;
			buildActionMask = 2147483647;
			files = (
			);
			runOnlyForDeploymentPostprocessing = 0;
		};
/* End PBXFrameworksBuildPhase section */

/* Begin PBXGroup section */
		88E020101CF40094001FF1D2 = {
			isa = PBXGroup;
			children = (
				88E0201B1CF40094001FF1D2 /* KBLoopBannerViewDemo */,
				88E020351CF40094001FF1D2 /* KBLoopBannerViewDemoTests */,
				88E020401CF40094001FF1D2 /* KBLoopBannerViewDemoUITests */,
				88E0201A1CF40094001FF1D2 /* Products */,
			);
			sourceTree = "<group>";
		};
		88E0201A1CF40094001FF1D2 /* Products */ = {
			isa = PBXGroup;
			children = (
				88E020191CF40094001FF1D2 /* KBLoopBannerViewDemo.app */,
				88E020321CF40094001FF1D2 /* KBLoopBannerViewDemoTests.xctest */,
				88E0203D1CF40094001FF1D2 /* KBLoopBannerViewDemoUITests.xctest */,
			);
			name = Products;
			sourceTree = "<group>";
		};
		88E0201B1CF40094001FF1D2 /* KBLoopBannerViewDemo */ = {
			isa = PBXGroup;
			children = (
				88E0201F1CF40094001FF1D2 /* AppDelegate.h */,
				88E020201CF40094001FF1D2 /* AppDelegate.m */,
				88E020221CF40094001FF1D2 /* ViewController.h */,
				88E020231CF40094001FF1D2 /* ViewController.m */,
				88E020251CF40094001FF1D2 /* Main.storyboard */,
				88E020281CF40094001FF1D2 /* Assets.xcassets */,
				88E0202A1CF40094001FF1D2 /* LaunchScreen.storyboard */,
				88E0202D1CF40094001FF1D2 /* Info.plist */,
				88E0201C1CF40094001FF1D2 /* Supporting Files */,
			);
			path = KBLoopBannerViewDemo;
			sourceTree = "<group>";
		};
		88E0201C1CF40094001FF1D2 /* Supporting Files */ = {
			isa = PBXGroup;
			children = (
				88E0201D1CF40094001FF1D2 /* main.m */,
			);
			name = "Supporting Files";
			sourceTree = "<group>";
		};
		88E020351CF40094001FF1D2 /* KBLoopBannerViewDemoTests */ = {
			isa = PBXGroup;
			children = (
				88E020361CF40094001FF1D2 /* KBLoopBannerViewDemoTests.m */,
				88E020381CF40094001FF1D2 /* Info.plist */,
			);
			path = KBLoopBannerViewDemoTests;
			sourceTree = "<group>";
		};
		88E020401CF40094001FF1D2 /* KBLoopBannerViewDemoUITests */ = {
			isa = PBXGroup;
			children = (
				88E020411CF40094001FF1D2 /* KBLoopBannerViewDemoUITests.m */,
				88E020431CF40094001FF1D2 /* Info.plist */,
			);
			path = KBLoopBannerViewDemoUITests;
			sourceTree = "<group>";
		};
/* End PBXGroup section */

/* Begin PBXNativeTarget section */
		88E020181CF40094001FF1D2 /* KBLoopBannerViewDemo */ = {
			isa = PBXNativeTarget;
			buildConfigurationList = 88E020461CF40094001FF1D2 /* Build configuration list for PBXNativeTarget "KBLoopBannerViewDemo" */;
			buildPhases = (
				88E020151CF40094001FF1D2 /* Sources */,
				88E020161CF40094001FF1D2 /* Frameworks */,
				88E020171CF40094001FF1D2 /* Resources */,
			);
			buildRules = (
			);
			dependencies = (
			);
			name = KBLoopBannerViewDemo;
			productName = KBLoopBannerViewDemo;
			productReference = 88E020191CF40094001FF1D2 /* KBLoopBannerViewDemo.app */;
			productType = "com.apple.product-type.application";
		};
		88E020311CF40094001FF1D2 /* KBLoopBannerViewDemoTests */ = {
			isa = PBXNativeTarget;
			buildConfigurationList = 88E020491CF40094001FF1D2 /* Build configuration list for PBXNativeTarget "KBLoopBannerViewDemoTests" */;
			buildPhases = (
				88E0202E1CF40094001FF1D2 /* Sources */,
				88E0202F1CF40094001FF1D2 /* Frameworks */,
				88E020301CF40094001FF1D2 /* Resources */,
			);
			buildRules = (
			);
			dependencies = (
				88E020341CF40094001FF1D2 /* PBXTargetDependency */,
			);
			name = KBLoopBannerViewDemoTests;
			productName = KBLoopBannerViewDemoTests;
			productReference = 88E020321CF40094001FF1D2 /* KBLoopBannerViewDemoTests.xctest */;
			productType = "com.apple.product-type.bundle.unit-test";
		};
		88E0203C1CF40094001FF1D2 /* KBLoopBannerViewDemoUITests */ = {
			isa = PBXNativeTarget;
			buildConfigurationList = 88E0204C1CF40094001FF1D2 /* Build configuration list for PBXNativeTarget "KBLoopBannerViewDemoUITests" */;
			buildPhases = (
				88E020391CF40094001FF1D2 /* Sources */,
				88E0203A1CF40094001FF1D2 /* Frameworks */,
				88E0203B1CF40094001FF1D2 /* Resources */,
			);
			buildRules = (
			);
			dependencies = (
				88E0203F1CF40094001FF1D2 /* PBXTargetDependency */,
			);
			name = KBLoopBannerViewDemoUITests;
			productName = KBLoopBannerViewDemoUITests;
			productReference = 88E0203D1CF40094001FF1D2 /* KBLoopBannerViewDemoUITests.xctest */;
			productType = "com.apple.product-type.bundle.ui-testing";
		};
/* End PBXNativeTarget section */

/* Begin PBXProject section */
		88E020111CF40094001FF1D2 /* Project object */ = {
			isa = PBXProject;
			attributes = {
				LastUpgradeCheck = 0720;
				ORGANIZATIONNAME = Kobe;
				TargetAttributes = {
					88E020181CF40094001FF1D2 = {
						CreatedOnToolsVersion = 7.2;
					};
					88E020311CF40094001FF1D2 = {
						CreatedOnToolsVersion = 7.2;
						TestTargetID = 88E020181CF40094001FF1D2;
					};
					88E0203C1CF40094001FF1D2 = {
						CreatedOnToolsVersion = 7.2;
						TestTargetID = 88E020181CF40094001FF1D2;
					};
				};
			};
			buildConfigurationList = 88E020141CF40094001FF1D2 /* Build configuration list for PBXProject "KBLoopBannerViewDemo" */;
			compatibilityVersion = "Xcode 3.2";
			developmentRegion = English;
			hasScannedForEncodings = 0;
			knownRegions = (
				en,
				Base,
			);
			mainGroup = 88E020101CF40094001FF1D2;
			productRefGroup = 88E0201A1CF40094001FF1D2 /* Products */;
			projectDirPath = "";
			projectRoot = "";
			targets = (
				88E020181CF40094001FF1D2 /* KBLoopBannerViewDemo */,
				88E020311CF40094001FF1D2 /* KBLoopBannerViewDemoTests */,
				88E0203C1CF40094001FF1D2 /* KBLoopBannerViewDemoUITests */,
			);
		};
/* End PBXProject section */

/* Begin PBXResourcesBuildPhase section */
		88E020171CF40094001FF1D2 /* Resources */ = {
			isa = PBXResourcesBuildPhase;
			buildActionMask = 2147483647;
			files = (
				88E0202C1CF40094001FF1D2 /* LaunchScreen.storyboard in Resources */,
				88E020291CF40094001FF1D2 /* Assets.xcassets in Resources */,
				88E020271CF40094001FF1D2 /* Main.storyboard in Resources */,
			);
			runOnlyForDeploymentPostprocessing = 0;
		};
		88E020301CF40094001FF1D2 /* Resources */ = {
			isa = PBXResourcesBuildPhase;
			buildActionMask = 2147483647;
			files = (
			);
			runOnlyForDeploymentPostprocessing = 0;
		};
		88E0203B1CF40094001FF1D2 /* Resources */ = {
			isa = PBXResourcesBuildPhase;
			buildActionMask = 2147483647;
			files = (
			);
			runOnlyForDeploymentPostprocessing = 0;
		};
/* End PBXResourcesBuildPhase section */

/* Begin PBXSourcesBuildPhase section */
		88E020151CF40094001FF1D2 /* Sources */ = {
			isa = PBXSourcesBuildPhase;
			buildActionMask = 2147483647;
			files = (
				88E020241CF40094001FF1D2 /* ViewController.m in Sources */,
				88E020211CF40094001FF1D2 /* AppDelegate.m in Sources */,
				88E0201E1CF40094001FF1D2 /* main.m in Sources */,
			);
			runOnlyForDeploymentPostprocessing = 0;
		};
		88E0202E1CF40094001FF1D2 /* Sources */ = {
			isa = PBXSourcesBuildPhase;
			buildActionMask = 2147483647;
			files = (
				88E020371CF40094001FF1D2 /* KBLoopBannerViewDemoTests.m in Sources */,
			);
			runOnlyForDeploymentPostprocessing = 0;
		};
		88E020391CF40094001FF1D2 /* Sources */ = {
			isa = PBXSourcesBuildPhase;
			buildActionMask = 2147483647;
			files = (
				88E020421CF40094001FF1D2 /* KBLoopBannerViewDemoUITests.m in Sources */,
			);
			runOnlyForDeploymentPostprocessing = 0;
		};
/* End PBXSourcesBuildPhase section */

/* Begin PBXTargetDependency section */
		88E020341CF40094001FF1D2 /* PBXTargetDependency */ = {
			isa = PBXTargetDependency;
			target = 88E020181CF40094001FF1D2 /* KBLoopBannerViewDemo */;
			targetProxy = 88E020331CF40094001FF1D2 /* PBXContainerItemProxy */;
		};
		88E0203F1CF40094001FF1D2 /* PBXTargetDependency */ = {
			isa = PBXTargetDependency;
			target = 88E020181CF40094001FF1D2 /* KBLoopBannerViewDemo */;
			targetProxy = 88E0203E1CF40094001FF1D2 /* PBXContainerItemProxy */;
		};
/* End PBXTargetDependency section */

/* Begin PBXVariantGroup section */
		88E020251CF40094001FF1D2 /* Main.storyboard */ = {
			isa = PBXVariantGroup;
			children = (
				88E020261CF40094001FF1D2 /* Base */,
			);
			name = Main.storyboard;
			sourceTree = "<group>";
		};
		88E0202A1CF40094001FF1D2 /* LaunchScreen.storyboard */ = {
			isa = PBXVariantGroup;
			children = (
				88E0202B1CF40094001FF1D2 /* Base */,
			);
			name = LaunchScreen.storyboard;
			sourceTree = "<group>";
		};
/* End PBXVariantGroup section */

/* Begin XCBuildConfiguration section */
		88E020441CF40094001FF1D2 /* Debug */ = {
			isa = XCBuildConfiguration;
			buildSettings = {
				ALWAYS_SEARCH_USER_PATHS = NO;
				CLANG_CXX_LANGUAGE_STANDARD = "gnu++0x";
				CLANG_CXX_LIBRARY = "libc++";
				CLANG_ENABLE_MODULES = YES;
				CLANG_ENABLE_OBJC_ARC = YES;
				CLANG_WARN_BOOL_CONVERSION = YES;
				CLANG_WARN_CONSTANT_CONVERSION = YES;
				CLANG_WARN_DIRECT_OBJC_ISA_USAGE = YES_ERROR;
				CLANG_WARN_EMPTY_BODY = YES;
				CLANG_WARN_ENUM_CONVERSION = YES;
				CLANG_WARN_INT_CONVERSION = YES;
				CLANG_WARN_OBJC_ROOT_CLASS = YES_ERROR;
				CLANG_WARN_UNREACHABLE_CODE = YES;
				CLANG_WARN__DUPLICATE_METHOD_MATCH = YES;
				"CODE_SIGN_IDENTITY[sdk=iphoneos*]" = "iPhone Developer";
				COPY_PHASE_STRIP = NO;
				DEBUG_INFORMATION_FORMAT = dwarf;
				ENABLE_STRICT_OBJC_MSGSEND = YES;
				ENABLE_TESTABILITY = YES;
				GCC_C_LANGUAGE_STANDARD = gnu99;
				GCC_DYNAMIC_NO_PIC = NO;
				GCC_NO_COMMON_BLOCKS = YES;
				GCC_OPTIMIZATION_LEVEL = 0;
				GCC_PREPROCESSOR_DEFINITIONS = (
					"DEBUG=1",
					"$(inherited)",
				);
				GCC_WARN_64_TO_32_BIT_CONVERSION = YES;
				GCC_WARN_ABOUT_RETURN_TYPE = YES_ERROR;
				GCC_WARN_UNDECLARED_SELECTOR = YES;
				GCC_WARN_UNINITIALIZED_AUTOS = YES_AGGRESSIVE;
				GCC_WARN_UNUSED_FUNCTION = YES;
				GCC_WARN_UNUSED_VARIABLE = YES;
				IPHONEOS_DEPLOYMENT_TARGET = 9.2;
				MTL_ENABLE_DEBUG_INFO = YES;
				ONLY_ACTIVE_ARCH = YES;
				SDKROOT = iphoneos;
			};
			name = Debug;
		};
		88E020451CF40094001FF1D2 /* Release */ = {
			isa = XCBuildConfiguration;
			buildSettings = {
				ALWAYS_SEARCH_USER_PATHS = NO;
				CLANG_CXX_LANGUAGE_STANDARD = "gnu++0x";
				CLANG_CXX_LIBRARY = "libc++";
				CLANG_ENABLE_MODULES = YES;
				CLANG_ENABLE_OBJC_ARC = YES;
				CLANG_WARN_BOOL_CONVERSION = YES;
				CLANG_WARN_CONSTANT_CONVERSION = YES;
				CLANG_WARN_DIRECT_OBJC_ISA_USAGE = YES_ERROR;
				CLANG_WARN_EMPTY_BODY = YES;
				CLANG_WARN_ENUM_CONVERSION = YES;
				CLANG_WARN_INT_CONVERSION = YES;
				CLANG_WARN_OBJC_ROOT_CLASS = YES_ERROR;
				CLANG_WARN_UNREACHABLE_CODE = YES;
				CLANG_WARN__DUPLICATE_METHOD_MATCH = YES;
				"CODE_SIGN_IDENTITY[sdk=iphoneos*]" = "iPhone Developer";
				COPY_PHASE_STRIP = NO;
				DEBUG_INFORMATION_FORMAT = "dwarf-with-dsym";
				ENABLE_NS_ASSERTIONS = NO;
				ENABLE_STRICT_OBJC_MSGSEND = YES;
				GCC_C_LANGUAGE_STANDARD = gnu99;
				GCC_NO_COMMON_BLOCKS = YES;
				GCC_WARN_64_TO_32_BIT_CONVERSION = YES;
				GCC_WARN_ABOUT_RETURN_TYPE = YES_ERROR;
				GCC_WARN_UNDECLARED_SELECTOR = YES;
				GCC_WARN_UNINITIALIZED_AUTOS = YES_AGGRESSIVE;
				GCC_WARN_UNUSED_FUNCTION = YES;
				GCC_WARN_UNUSED_VARIABLE = YES;
				IPHONEOS_DEPLOYMENT_TARGET = 9.2;
				MTL_ENABLE_DEBUG_INFO = NO;
				SDKROOT = iphoneos;
				VALIDATE_PRODUCT = YES;
			};
			name = Release;
		};
		88E020471CF40094001FF1D2 /* Debug */ = {
			isa = XCBuildConfiguration;
			buildSettings = {
				ASSETCATALOG_COMPILER_APPICON_NAME = AppIcon;
				INFOPLIST_FILE = KBLoopBannerViewDemo/Info.plist;
				LD_RUNPATH_SEARCH_PATHS = "$(inherited) @executable_path/Frameworks";
				PRODUCT_BUNDLE_IDENTIFIER = Kobe.KBLoopBannerViewDemo;
				PRODUCT_NAME = "$(TARGET_NAME)";
			};
			name = Debug;
		};
		88E020481CF40094001FF1D2 /* Release */ = {
			isa = XCBuildConfiguration;
			buildSettings = {
				ASSETCATALOG_COMPILER_APPICON_NAME = AppIcon;
				INFOPLIST_FILE = KBLoopBannerViewDemo/Info.plist;
				LD_RUNPATH_SEARCH_PATHS = "$(inherited) @executable_path/Frameworks";
				PRODUCT_BUNDLE_IDENTIFIER = Kobe.KBLoopBannerViewDemo;
				PRODUCT_NAME = "$(TARGET_NAME)";
			};
			name = Release;
		};
		88E0204A1CF40094001FF1D2 /* Debug */ = {
			isa = XCBuildConfiguration;
			buildSettings = {
				BUNDLE_LOADER = "$(TEST_HOST)";
				INFOPLIST_FILE = KBLoopBannerViewDemoTests/Info.plist;
				LD_RUNPATH_SEARCH_PATHS = "$(inherited) @executable_path/Frameworks @loader_path/Frameworks";
				PRODUCT_BUNDLE_IDENTIFIER = Kobe.KBLoopBannerViewDemoTests;
				PRODUCT_NAME = "$(TARGET_NAME)";
				TEST_HOST = "$(BUILT_PRODUCTS_DIR)/KBLoopBannerViewDemo.app/KBLoopBannerViewDemo";
			};
			name = Debug;
		};
		88E0204B1CF40094001FF1D2 /* Release */ = {
			isa = XCBuildConfiguration;
			buildSettings = {
				BUNDLE_LOADER = "$(TEST_HOST)";
				INFOPLIST_FILE = KBLoopBannerViewDemoTests/Info.plist;
				LD_RUNPATH_SEARCH_PATHS = "$(inherited) @executable_path/Frameworks @loader_path/Frameworks";
				PRODUCT_BUNDLE_IDENTIFIER = Kobe.KBLoopBannerViewDemoTests;
				PRODUCT_NAME = "$(TARGET_NAME)";
				TEST_HOST = "$(BUILT_PRODUCTS_DIR)/KBLoopBannerViewDemo.app/KBLoopBannerViewDemo";
			};
			name = Release;
		};
		88E0204D1CF40094001FF1D2 /* Debug */ = {
			isa = XCBuildConfiguration;
			buildSettings = {
				INFOPLIST_FILE = KBLoopBannerViewDemoUITests/Info.plist;
				LD_RUNPATH_SEARCH_PATHS = "$(inherited) @executable_path/Frameworks @loader_path/Frameworks";
				PRODUCT_BUNDLE_IDENTIFIER = Kobe.KBLoopBannerViewDemoUITests;
				PRODUCT_NAME = "$(TARGET_NAME)";
				TEST_TARGET_NAME = KBLoopBannerViewDemo;
				USES_XCTRUNNER = YES;
			};
			name = Debug;
		};
		88E0204E1CF40094001FF1D2 /* Release */ = {
			isa = XCBuildConfiguration;
			buildSettings = {
				INFOPLIST_FILE = KBLoopBannerViewDemoUITests/Info.plist;
				LD_RUNPATH_SEARCH_PATHS = "$(inherited) @executable_path/Frameworks @loader_path/Frameworks";
				PRODUCT_BUNDLE_IDENTIFIER = Kobe.KBLoopBannerViewDemoUITests;
				PRODUCT_NAME = "$(TARGET_NAME)";
				TEST_TARGET_NAME = KBLoopBannerViewDemo;
				USES_XCTRUNNER = YES;
			};
			name = Release;
		};
/* End XCBuildConfiguration section */

/* Begin XCConfigurationList section */
		88E020141CF40094001FF1D2 /* Build configuration list for PBXProject "KBLoopBannerViewDemo" */ = {
			isa = XCConfigurationList;
			buildConfigurations = (
				88E020441CF40094001FF1D2 /* Debug */,
				88E020451CF40094001FF1D2 /* Release */,
			);
			defaultConfigurationIsVisible = 0;
			defaultConfigurationName = Release;
		};
		88E020461CF40094001FF1D2 /* Build configuration list for PBXNativeTarget "KBLoopBannerViewDemo" */ = {
			isa = XCConfigurationList;
			buildConfigurations = (
				88E020471CF40094001FF1D2 /* Debug */,
				88E020481CF40094001FF1D2 /* Release */,
			);
			defaultConfigurationIsVisible = 0;
		};
		88E020491CF40094001FF1D2 /* Build configuration list for PBXNativeTarget "KBLoopBannerViewDemoTests" */ = {
			isa = XCConfigurationList;
			buildConfigurations = (
				88E0204A1CF40094001FF1D2 /* Debug */,
				88E0204B1CF40094001FF1D2 /* Release */,
			);
			defaultConfigurationIsVisible = 0;
		};
		88E0204C1CF40094001FF1D2 /* Build configuration list for PBXNativeTarget "KBLoopBannerViewDemoUITests" */ = {
			isa = XCConfigurationList;
			buildConfigurations = (
				88E0204D1CF40094001FF1D2 /* Debug */,
				88E0204E1CF40094001FF1D2 /* Release */,
			);
			defaultConfigurationIsVisible = 0;
		};
/* End XCConfigurationList section */
	};
	rootObject = 88E020111CF40094001FF1D2 /* Project object */;
}
